
Microsoft Visual Studio Solution File, Format Version 12.00
# Visual Studio Version 17
VisualStudioVersion = 17.3.32922.545
MinimumVisualStudioVersion = 10.0.40219.1
Project("{FAE04EC0-301F-11D3-BF4B-00C04F79EFBC}") = "JourneyPlanner", "JourneyPlanner\JourneyPlanner.csproj", "{402C3B98-26F5-42E7-BDEA-E63A8BCCD309}"
EndProject
Global
	GlobalSection(SolutionConfigurationPlatforms) = preSolution
		Debug|Any CPU = Debug|Any CPU
		Release|Any CPU = Release|Any CPU
	EndGlobalSection
	GlobalSection(ProjectConfigurationPlatforms) = postSolution
		{402C3B98-26F5-42E7-BDEA-E63A8BCCD309}.Debug|Any CPU.ActiveCfg = Debug|Any CPU
		{402C3B98-26F5-42E7-BDEA-E63A8BCCD309}.Debug|Any CPU.Build.0 = Debug|Any CPU
		{402C3B98-26F5-42E7-BDEA-E63A8BCCD309}.Release|Any CPU.ActiveCfg = Release|Any CPU
		{402C3B98-26F5-42E7-BDEA-E63A8BCCD309}.Release|Any CPU.Build.0 = Release|Any CPU
	EndGlobalSection
	GlobalSection(SolutionProperties) = preSolution
		HideSolutionNode = FALSE
	EndGlobalSection
	GlobalSection(ExtensibilityGlobals) = postSolution
		SolutionGuid = {E96764C2-8C98-4FE0-BD67-F89199BB54A6}
	EndGlobalSection
EndGlobal
